// !$*UTF8*$!
{
	archiveVersion = 1;
	classes = {
	};
	objectVersion = 50;
	objects = {

/* Begin PBXBuildFile section */
		353AFDA7246C0EF000784C8E /* AppDelegate.swift in Sources */ = {isa = PBXBuildFile; fileRef = 353AFDA6246C0EF000784C8E /* AppDelegate.swift */; };
		353AFDA9246C0EF000784C8E /* SceneDelegate.swift in Sources */ = {isa = PBXBuildFile; fileRef = 353AFDA8246C0EF000784C8E /* SceneDelegate.swift */; };
		353AFDAC246C0EF000784C8E /* NewsBook.xcdatamodeld in Sources */ = {isa = PBXBuildFile; fileRef = 353AFDAA246C0EF000784C8E /* NewsBook.xcdatamodeld */; };
		353AFDAE246C0EF000784C8E /* ContentView.swift in Sources */ = {isa = PBXBuildFile; fileRef = 353AFDAD246C0EF000784C8E /* ContentView.swift */; };
		353AFDB0246C0EF200784C8E /* Assets.xcassets in Resources */ = {isa = PBXBuildFile; fileRef = 353AFDAF246C0EF200784C8E /* Assets.xcassets */; };
		353AFDB3246C0EF200784C8E /* Preview Assets.xcassets in Resources */ = {isa = PBXBuildFile; fileRef = 353AFDB2246C0EF200784C8E /* Preview Assets.xcassets */; };
		353AFDB6246C0EF200784C8E /* LaunchScreen.storyboard in Resources */ = {isa = PBXBuildFile; fileRef = 353AFDB4246C0EF200784C8E /* LaunchScreen.storyboard */; };
		353AFDC1246C108400784C8E /* NewsFeed.swift in Sources */ = {isa = PBXBuildFile; fileRef = 353AFDC0246C108400784C8E /* NewsFeed.swift */; };
		353AFDC3246C10C700784C8E /* Article.swift in Sources */ = {isa = PBXBuildFile; fileRef = 353AFDC2246C10C700784C8E /* Article.swift */; };
		353AFDC5246C131D00784C8E /* URLImageView.swift in Sources */ = {isa = PBXBuildFile; fileRef = 353AFDC4246C131D00784C8E /* URLImageView.swift */; };
		353AFDC7246C151D00784C8E /* APICall.swift in Sources */ = {isa = PBXBuildFile; fileRef = 353AFDC6246C151D00784C8E /* APICall.swift */; };
		353AFDCB246C29A400784C8E /* ArticleDetailView.swift in Sources */ = {isa = PBXBuildFile; fileRef = 353AFDCA246C29A400784C8E /* ArticleDetailView.swift */; };
		353AFDD2246C2B6300784C8E /* Montserrat-Italic.ttf in Resources */ = {isa = PBXBuildFile; fileRef = 353AFDCE246C2B6300784C8E /* Montserrat-Italic.ttf */; };
		353AFDD3246C2B6300784C8E /* Montserrat-Medium.ttf in Resources */ = {isa = PBXBuildFile; fileRef = 353AFDCF246C2B6300784C8E /* Montserrat-Medium.ttf */; };
		353AFDD4246C2B6300784C8E /* Montserrat-Bold.ttf in Resources */ = {isa = PBXBuildFile; fileRef = 353AFDD0246C2B6300784C8E /* Montserrat-Bold.ttf */; };
		353AFDD5246C2B6300784C8E /* Montserrat-Regular.ttf in Resources */ = {isa = PBXBuildFile; fileRef = 353AFDD1246C2B6300784C8E /* Montserrat-Regular.ttf */; };
/* End PBXBuildFile section */

/* Begin PBXFileReference section */
		353AFDA3246C0EF000784C8E /* NewsBook.app */ = {isa = PBXFileReference; explicitFileType = wrapper.application; includeInIndex = 0; path = NewsBook.app; sourceTree = BUILT_PRODUCTS_DIR; };
		353AFDA6246C0EF000784C8E /* AppDelegate.swift */ = {isa = PBXFileReference; lastKnownFileType = sourcecode.swift; path = AppDelegate.swift; sourceTree = "<group>"; };
		353AFDA8246C0EF000784C8E /* SceneDelegate.swift */ = {isa = PBXFileReference; lastKnownFileType = sourcecode.swift; path = SceneDelegate.swift; sourceTree = "<group>"; };
		353AFDAB246C0EF000784C8E /* NewsBook.xcdatamodel */ = {isa = PBXFileReference; lastKnownFileType = wrapper.xcdatamodel; path = NewsBook.xcdatamodel; sourceTree = "<group>"; };
		353AFDAD246C0EF000784C8E /* ContentView.swift */ = {isa = PBXFileReference; lastKnownFileType = sourcecode.swift; path = ContentView.swift; sourceTree = "<group>"; };
		353AFDAF246C0EF200784C8E /* Assets.xcassets */ = {isa = PBXFileReference; lastKnownFileType = folder.assetcatalog; path = Assets.xcassets; sourceTree = "<group>"; };
		353AFDB2246C0EF200784C8E /* Preview Assets.xcassets */ = {isa = PBXFileReference; lastKnownFileType = folder.assetcatalog; path = "Preview Assets.xcassets"; sourceTree = "<group>"; };
		353AFDB5246C0EF200784C8E /* Base */ = {isa = PBXFileReference; lastKnownFileType = file.storyboard; name = Base; path = Base.lproj/LaunchScreen.storyboard; sourceTree = "<group>"; };
		353AFDB7246C0EF200784C8E /* Info.plist */ = {isa = PBXFileReference; lastKnownFileType = text.plist.xml; path = Info.plist; sourceTree = "<group>"; };
		353AFDC0246C108400784C8E /* NewsFeed.swift */ = {isa = PBXFileReference; lastKnownFileType = sourcecode.swift; path = NewsFeed.swift; sourceTree = "<group>"; };
		353AFDC2246C10C700784C8E /* Article.swift */ = {isa = PBXFileReference; lastKnownFileType = sourcecode.swift; path = Article.swift; sourceTree = "<group>"; };
		353AFDC4246C131D00784C8E /* URLImageView.swift */ = {isa = PBXFileReference; lastKnownFileType = sourcecode.swift; path = URLImageView.swift; sourceTree = "<group>"; };
		353AFDC6246C151D00784C8E /* APICall.swift */ = {isa = PBXFileReference; lastKnownFileType = sourcecode.swift; path = APICall.swift; sourceTree = "<group>"; };
		353AFDCA246C29A400784C8E /* ArticleDetailView.swift */ = {isa = PBXFileReference; lastKnownFileType = sourcecode.swift; name = ArticleDetailView.swift; path = NewsBook/Models/ArticleDetailView.swift; sourceTree = SOURCE_ROOT; };
		353AFDCE246C2B6300784C8E /* Montserrat-Italic.ttf */ = {isa = PBXFileReference; lastKnownFileType = file; path = "Montserrat-Italic.ttf"; sourceTree = "<group>"; };
		353AFDCF246C2B6300784C8E /* Montserrat-Medium.ttf */ = {isa = PBXFileReference; lastKnownFileType = file; path = "Montserrat-Medium.ttf"; sourceTree = "<group>"; };
		353AFDD0246C2B6300784C8E /* Montserrat-Bold.ttf */ = {isa = PBXFileReference; lastKnownFileType = file; path = "Montserrat-Bold.ttf"; sourceTree = "<group>"; };
		353AFDD1246C2B6300784C8E /* Montserrat-Regular.ttf */ = {isa = PBXFileReference; lastKnownFileType = file; path = "Montserrat-Regular.ttf"; sourceTree = "<group>"; };
/* End PBXFileReference section */

/* Begin PBXFrameworksBuildPhase section */
		353AFDA0246C0EF000784C8E /* Frameworks */ = {
			isa = PBXFrameworksBuildPhase;
			buildActionMask = 2147483647;
			files = (
			);
			runOnlyForDeploymentPostprocessing = 0;
		};
/* End PBXFrameworksBuildPhase section */

/* Begin PBXGroup section */
		353AFD9A246C0EF000784C8E = {
			isa = PBXGroup;
			children = (
				353AFDA5246C0EF000784C8E /* NewsBook */,
				353AFDA4246C0EF000784C8E /* Products */,
			);
			sourceTree = "<group>";
		};
		353AFDA4246C0EF000784C8E /* Products */ = {
			isa = PBXGroup;
			children = (
				353AFDA3246C0EF000784C8E /* NewsBook.app */,
			);
			name = Products;
			sourceTree = "<group>";
		};
		353AFDA5246C0EF000784C8E /* NewsBook */ = {
			isa = PBXGroup;
			children = (
				353AFDCD246C2AAE00784C8E /* Fonts */,
				353AFDBF246C106F00784C8E /* Models */,
				353AFDBD246C106500784C8E /* Views */,
				353AFDA6246C0EF000784C8E /* AppDelegate.swift */,
				353AFDA8246C0EF000784C8E /* SceneDelegate.swift */,
				353AFDAF246C0EF200784C8E /* Assets.xcassets */,
				353AFDB4246C0EF200784C8E /* LaunchScreen.storyboard */,
				353AFDB7246C0EF200784C8E /* Info.plist */,
				353AFDB1246C0EF200784C8E /* Preview Content */,
			);
			path = NewsBook;
			sourceTree = "<group>";
		};
		353AFDB1246C0EF200784C8E /* Preview Content */ = {
			isa = PBXGroup;
			children = (
				353AFDB2246C0EF200784C8E /* Preview Assets.xcassets */,
			);
			path = "Preview Content";
			sourceTree = "<group>";
		};
		353AFDBD246C106500784C8E /* Views */ = {
			isa = PBXGroup;
			children = (
				353AFDCA246C29A400784C8E /* ArticleDetailView.swift */,
				353AFDAD246C0EF000784C8E /* ContentView.swift */,
				353AFDC4246C131D00784C8E /* URLImageView.swift */,
			);
			path = Views;
			sourceTree = "<group>";
		};
		353AFDBF246C106F00784C8E /* Models */ = {
			isa = PBXGroup;
			children = (
				353AFDAA246C0EF000784C8E /* NewsBook.xcdatamodeld */,
				353AFDC0246C108400784C8E /* NewsFeed.swift */,
				353AFDC2246C10C700784C8E /* Article.swift */,
				353AFDC6246C151D00784C8E /* APICall.swift */,
			);
			path = Models;
			sourceTree = "<group>";
		};
		353AFDCD246C2AAE00784C8E /* Fonts */ = {
			isa = PBXGroup;
			children = (
				353AFDD0246C2B6300784C8E /* Montserrat-Bold.ttf */,
				353AFDCE246C2B6300784C8E /* Montserrat-Italic.ttf */,
				353AFDCF246C2B6300784C8E /* Montserrat-Medium.ttf */,
				353AFDD1246C2B6300784C8E /* Montserrat-Regular.ttf */,
			);
			path = Fonts;
			sourceTree = "<group>";
		};
/* End PBXGroup section */

/* Begin PBXNativeTarget section */
		353AFDA2246C0EF000784C8E /* NewsBook */ = {
			isa = PBXNativeTarget;
			buildConfigurationList = 353AFDBA246C0EF200784C8E /* Build configuration list for PBXNativeTarget "NewsBook" */;
			buildPhases = (
				353AFD9F246C0EF000784C8E /* Sources */,
				353AFDA0246C0EF000784C8E /* Frameworks */,
				353AFDA1246C0EF000784C8E /* Resources */,
			);
			buildRules = (
			);
			dependencies = (
			);
			name = NewsBook;
			productName = NewsBook;
			productReference = 353AFDA3246C0EF000784C8E /* NewsBook.app */;
			productType = "com.apple.product-type.application";
		};
/* End PBXNativeTarget section */

/* Begin PBXProject section */
		353AFD9B246C0EF000784C8E /* Project object */ = {
			isa = PBXProject;
			attributes = {
				LastSwiftUpdateCheck = 1140;
				LastUpgradeCheck = 1140;
				ORGANIZATIONNAME = "Kaumon Aung";
				TargetAttributes = {
					353AFDA2246C0EF000784C8E = {
						CreatedOnToolsVersion = 11.4.1;
					};
				};
			};
			buildConfigurationList = 353AFD9E246C0EF000784C8E /* Build configuration list for PBXProject "NewsBook" */;
			compatibilityVersion = "Xcode 9.3";
			developmentRegion = en;
			hasScannedForEncodings = 0;
			knownRegions = (
				en,
				Base,
			);
			mainGroup = 353AFD9A246C0EF000784C8E;
			productRefGroup = 353AFDA4246C0EF000784C8E /* Products */;
			projectDirPath = "";
			projectRoot = "";
			targets = (
				353AFDA2246C0EF000784C8E /* NewsBook */,
			);
		};
/* End PBXProject section */

/* Begin PBXResourcesBuildPhase section */
		353AFDA1246C0EF000784C8E /* Resources */ = {
			isa = PBXResourcesBuildPhase;
			buildActionMask = 2147483647;
			files = (
				353AFDB6246C0EF200784C8E /* LaunchScreen.storyboard in Resources */,
				353AFDD3246C2B6300784C8E /* Montserrat-Medium.ttf in Resources */,
				353AFDD5246C2B6300784C8E /* Montserrat-Regular.ttf in Resources */,
				353AFDD4246C2B6300784C8E /* Montserrat-Bold.ttf in Resources */,
				353AFDB3246C0EF200784C8E /* Preview Assets.xcassets in Resources */,
				353AFDB0246C0EF200784C8E /* Assets.xcassets in Resources */,
				353AFDD2246C2B6300784C8E /* Montserrat-Italic.ttf in Resources */,
			);
			runOnlyForDeploymentPostprocessing = 0;
		};
/* End PBXResourcesBuildPhase section */

/* Begin PBXSourcesBuildPhase section */
		353AFD9F246C0EF000784C8E /* Sources */ = {
			isa = PBXSourcesBuildPhase;
			buildActionMask = 2147483647;
			files = (
				353AFDC5246C131D00784C8E /* URLImageView.swift in Sources */,
				353AFDA7246C0EF000784C8E /* AppDelegate.swift in Sources */,
				353AFDAC246C0EF000784C8E /* NewsBook.xcdatamodeld in Sources */,
				353AFDC3246C10C700784C8E /* Article.swift in Sources */,
				353AFDAE246C0EF000784C8E /* ContentView.swift in Sources */,
				353AFDC1246C108400784C8E /* NewsFeed.swift in Sources */,
				353AFDCB246C29A400784C8E /* ArticleDetailView.swift in Sources */,
				353AFDC7246C151D00784C8E /* APICall.swift in Sources */,
				353AFDA9246C0EF000784C8E /* SceneDelegate.swift in Sources */,
			);
			runOnlyForDeploymentPostprocessing = 0;
		};
/* End PBXSourcesBuildPhase section */

/* Begin PBXVariantGroup section */
		353AFDB4246C0EF200784C8E /* LaunchScreen.storyboard */ = {
			isa = PBXVariantGroup;
			children = (
				353AFDB5246C0EF200784C8E /* Base */,
			);
			name = LaunchScreen.storyboard;
			sourceTree = "<group>";
		};
/* End PBXVariantGroup section */

/* Begin XCBuildConfiguration section */
		353AFDB8246C0EF200784C8E /* Debug */ = {
			isa = XCBuildConfiguration;
			buildSettings = {
				ALWAYS_SEARCH_USER_PATHS = NO;
				CLANG_ANALYZER_NONNULL = YES;
				CLANG_ANALYZER_NUMBER_OBJECT_CONVERSION = YES_AGGRESSIVE;
				CLANG_CXX_LANGUAGE_STANDARD = "gnu++14";
				CLANG_CXX_LIBRARY = "libc++";
				CLANG_ENABLE_MODULES = YES;
				CLANG_ENABLE_OBJC_ARC = YES;
				CLANG_ENABLE_OBJC_WEAK = YES;
				CLANG_WARN_BLOCK_CAPTURE_AUTORELEASING = YES;
				CLANG_WARN_BOOL_CONVERSION = YES;
				CLANG_WARN_COMMA = YES;
				CLANG_WARN_CONSTANT_CONVERSION = YES;
				CLANG_WARN_DEPRECATED_OBJC_IMPLEMENTATIONS = YES;
				CLANG_WARN_DIRECT_OBJC_ISA_USAGE = YES_ERROR;
				CLANG_WARN_DOCUMENTATION_COMMENTS = YES;
				CLANG_WARN_EMPTY_BODY = YES;
				CLANG_WARN_ENUM_CONVERSION = YES;
				CLANG_WARN_INFINITE_RECURSION = YES;
				CLANG_WARN_INT_CONVERSION = YES;
				CLANG_WARN_NON_LITERAL_NULL_CONVERSION = YES;
				CLANG_WARN_OBJC_IMPLICIT_RETAIN_SELF = YES;
				CLANG_WARN_OBJC_LITERAL_CONVERSION = YES;
				CLANG_WARN_OBJC_ROOT_CLASS = YES_ERROR;
				CLANG_WARN_RANGE_LOOP_ANALYSIS = YES;
				CLANG_WARN_STRICT_PROTOTYPES = YES;
				CLANG_WARN_SUSPICIOUS_MOVE = YES;
				CLANG_WARN_UNGUARDED_AVAILABILITY = YES_AGGRESSIVE;
				CLANG_WARN_UNREACHABLE_CODE = YES;
				CLANG_WARN__DUPLICATE_METHOD_MATCH = YES;
				COPY_PHASE_STRIP = NO;
				DEBUG_INFORMATION_FORMAT = dwarf;
				ENABLE_STRICT_OBJC_MSGSEND = YES;
				ENABLE_TESTABILITY = YES;
				GCC_C_LANGUAGE_STANDARD = gnu11;
				GCC_DYNAMIC_NO_PIC = NO;
				GCC_NO_COMMON_BLOCKS = YES;
				GCC_OPTIMIZATION_LEVEL = 0;
				GCC_PREPROCESSOR_DEFINITIONS = (
					"DEBUG=1",
					"$(inherited)",
				);
				GCC_WARN_64_TO_32_BIT_CONVERSION = YES;
				GCC_WARN_ABOUT_RETURN_TYPE = YES_ERROR;
				GCC_WARN_UNDECLARED_SELECTOR = YES;
				GCC_WARN_UNINITIALIZED_AUTOS = YES_AGGRESSIVE;
				GCC_WARN_UNUSED_FUNCTION = YES;
				GCC_WARN_UNUSED_VARIABLE = YES;
				IPHONEOS_DEPLOYMENT_TARGET = 13.4;
				MTL_ENABLE_DEBUG_INFO = INCLUDE_SOURCE;
				MTL_FAST_MATH = YES;
				ONLY_ACTIVE_ARCH = YES;
				SDKROOT = iphoneos;
				SWIFT_ACTIVE_COMPILATION_CONDITIONS = DEBUG;
				SWIFT_OPTIMIZATION_LEVEL = "-Onone";
			};
			name = Debug;
		};
		353AFDB9246C0EF200784C8E /* Release */ = {
			isa = XCBuildConfiguration;
			buildSettings = {
				ALWAYS_SEARCH_USER_PATHS = NO;
				CLANG_ANALYZER_NONNULL = YES;
				CLANG_ANALYZER_NUMBER_OBJECT_CONVERSION = YES_AGGRESSIVE;
				CLANG_CXX_LANGUAGE_STANDARD = "gnu++14";
				CLANG_CXX_LIBRARY = "libc++";
				CLANG_ENABLE_MODULES = YES;
				CLANG_ENABLE_OBJC_ARC = YES;
				CLANG_ENABLE_OBJC_WEAK = YES;
				CLANG_WARN_BLOCK_CAPTURE_AUTORELEASING = YES;
				CLANG_WARN_BOOL_CONVERSION = YES;
				CLANG_WARN_COMMA = YES;
				CLANG_WARN_CONSTANT_CONVERSION = YES;
				CLANG_WARN_DEPRECATED_OBJC_IMPLEMENTATIONS = YES;
				CLANG_WARN_DIRECT_OBJC_ISA_USAGE = YES_ERROR;
				CLANG_WARN_DOCUMENTATION_COMMENTS = YES;
				CLANG_WARN_EMPTY_BODY = YES;
				CLANG_WARN_ENUM_CONVERSION = YES;
				CLANG_WARN_INFINITE_RECURSION = YES;
				CLANG_WARN_INT_CONVERSION = YES;
				CLANG_WARN_NON_LITERAL_NULL_CONVERSION = YES;
				CLANG_WARN_OBJC_IMPLICIT_RETAIN_SELF = YES;
				CLANG_WARN_OBJC_LITERAL_CONVERSION = YES;
				CLANG_WARN_OBJC_ROOT_CLASS = YES_ERROR;
				CLANG_WARN_RANGE_LOOP_ANALYSIS = YES;
				CLANG_WARN_STRICT_PROTOTYPES = YES;
				CLANG_WARN_SUSPICIOUS_MOVE = YES;
				CLANG_WARN_UNGUARDED_AVAILABILITY = YES_AGGRESSIVE;
				CLANG_WARN_UNREACHABLE_CODE = YES;
				CLANG_WARN__DUPLICATE_METHOD_MATCH = YES;
				COPY_PHASE_STRIP = NO;
				DEBUG_INFORMATION_FORMAT = "dwarf-with-dsym";
				ENABLE_NS_ASSERTIONS = NO;
				ENABLE_STRICT_OBJC_MSGSEND = YES;
				GCC_C_LANGUAGE_STANDARD = gnu11;
				GCC_NO_COMMON_BLOCKS = YES;
				GCC_WARN_64_TO_32_BIT_CONVERSION = YES;
				GCC_WARN_ABOUT_RETURN_TYPE = YES_ERROR;
				GCC_WARN_UNDECLARED_SELECTOR = YES;
				GCC_WARN_UNINITIALIZED_AUTOS = YES_AGGRESSIVE;
				GCC_WARN_UNUSED_FUNCTION = YES;
				GCC_WARN_UNUSED_VARIABLE = YES;
				IPHONEOS_DEPLOYMENT_TARGET = 13.4;
				MTL_ENABLE_DEBUG_INFO = NO;
				MTL_FAST_MATH = YES;
				SDKROOT = iphoneos;
				SWIFT_COMPILATION_MODE = wholemodule;
				SWIFT_OPTIMIZATION_LEVEL = "-O";
				VALIDATE_PRODUCT = YES;
			};
			name = Release;
		};
		353AFDBB246C0EF200784C8E /* Debug */ = {
			isa = XCBuildConfiguration;
			buildSettings = {
				ASSETCATALOG_COMPILER_APPICON_NAME = AppIcon;
				CODE_SIGN_STYLE = Automatic;
				DEVELOPMENT_ASSET_PATHS = "\"NewsBook/Preview Content\"";
				DEVELOPMENT_TEAM = 2D82SKGJ5N;
				ENABLE_PREVIEWS = YES;
				INFOPLIST_FILE = NewsBook/Info.plist;
				LD_RUNPATH_SEARCH_PATHS = (
					"$(inherited)",
					"@executable_path/Frameworks",
				);
				PRODUCT_BUNDLE_IDENTIFIER = com.kaumonaung.NewsBook;
				PRODUCT_NAME = "$(TARGET_NAME)";
				SWIFT_VERSION = 5.0;
				TARGETED_DEVICE_FAMILY = "1,2";
			};
			name = Debug;
		};
		353AFDBC246C0EF200784C8E /* Release */ = {
			isa = XCBuildConfiguration;
			buildSettings = {
				ASSETCATALOG_COMPILER_APPICON_NAME = AppIcon;
				CODE_SIGN_STYLE = Automatic;
				DEVELOPMENT_ASSET_PATHS = "\"NewsBook/Preview Content\"";
				DEVELOPMENT_TEAM = 2D82SKGJ5N;
				ENABLE_PREVIEWS = YES;
				INFOPLIST_FILE = NewsBook/Info.plist;
				LD_RUNPATH_SEARCH_PATHS = (
					"$(inherited)",
					"@executable_path/Frameworks",
				);
				PRODUCT_BUNDLE_IDENTIFIER = com.kaumonaung.NewsBook;
				PRODUCT_NAME = "$(TARGET_NAME)";
				SWIFT_VERSION = 5.0;
				TARGETED_DEVICE_FAMILY = "1,2";
			};
			name = Release;
		};
/* End XCBuildConfiguration section */

/* Begin XCConfigurationList section */
		353AFD9E246C0EF000784C8E /* Build configuration list for PBXProject "NewsBook" */ = {
			isa = XCConfigurationList;
			buildConfigurations = (
				353AFDB8246C0EF200784C8E /* Debug */,
				353AFDB9246C0EF200784C8E /* Release */,
			);
			defaultConfigurationIsVisible = 0;
			defaultConfigurationName = Release;
		};
		353AFDBA246C0EF200784C8E /* Build configuration list for PBXNativeTarget "NewsBook" */ = {
			isa = XCConfigurationList;
			buildConfigurations = (
				353AFDBB246C0EF200784C8E /* Debug */,
				353AFDBC246C0EF200784C8E /* Release */,
			);
			defaultConfigurationIsVisible = 0;
			defaultConfigurationName = Release;
		};
/* End XCConfigurationList section */

/* Begin XCVersionGroup section */
		353AFDAA246C0EF000784C8E /* NewsBook.xcdatamodeld */ = {
			isa = XCVersionGroup;
			children = (
				353AFDAB246C0EF000784C8E /* NewsBook.xcdatamodel */,
			);
			currentVersion = 353AFDAB246C0EF000784C8E /* NewsBook.xcdatamodel */;
			path = NewsBook.xcdatamodeld;
			sourceTree = "<group>";
			versionGroupType = wrapper.xcdatamodel;
		};
/* End XCVersionGroup section */
	};
	rootObject = 353AFD9B246C0EF000784C8E /* Project object */;
}
